
Microsoft Visual Studio Solution File, Format Version 12.00
# Visual Studio 14
VisualStudioVersion = 14.0.25123.0
MinimumVisualStudioVersion = 10.0.40219.1
Project("{FAE04EC0-301F-11D3-BF4B-00C04F79EFBC}") = "01. OddLines", "01. OddLines\01. OddLines.csproj", "{3239B30C-A845-4F8D-8687-448B70C361A7}"
EndProject
Project("{FAE04EC0-301F-11D3-BF4B-00C04F79EFBC}") = "02. LineNumbers", "02. LineNumbers\02. LineNumbers.csproj", "{36024EBF-A3DB-420A-82B6-7F5032FCA86D}"
EndProject
Project("{FAE04EC0-301F-11D3-BF4B-00C04F79EFBC}") = "03. WordCount", "03. WordCount\03. WordCount.csproj", "{E600B414-178A-438F-AF3A-A266378A050F}"
EndProject
Global
	GlobalSection(SolutionConfigurationPlatforms) = preSolution
		Debug|Any CPU = Debug|Any CPU
		Release|Any CPU = Release|Any CPU
	EndGlobalSection
	GlobalSection(ProjectConfigurationPlatforms) = postSolution
		{3239B30C-A845-4F8D-8687-448B70C361A7}.Debug|Any CPU.ActiveCfg = Debug|Any CPU
		{3239B30C-A845-4F8D-8687-448B70C361A7}.Debug|Any CPU.Build.0 = Debug|Any CPU
		{3239B30C-A845-4F8D-8687-448B70C361A7}.Release|Any CPU.ActiveCfg = Release|Any CPU
		{3239B30C-A845-4F8D-8687-448B70C361A7}.Release|Any CPU.Build.0 = Release|Any CPU
		{36024EBF-A3DB-420A-82B6-7F5032FCA86D}.Debug|Any CPU.ActiveCfg = Debug|Any CPU
		{36024EBF-A3DB-420A-82B6-7F5032FCA86D}.Debug|Any CPU.Build.0 = Debug|Any CPU
		{36024EBF-A3DB-420A-82B6-7F5032FCA86D}.Release|Any CPU.ActiveCfg = Release|Any CPU
		{36024EBF-A3DB-420A-82B6-7F5032FCA86D}.Release|Any CPU.Build.0 = Release|Any CPU
		{E600B414-178A-438F-AF3A-A266378A050F}.Debug|Any CPU.ActiveCfg = Debug|Any CPU
		{E600B414-178A-438F-AF3A-A266378A050F}.Debug|Any CPU.Build.0 = Debug|Any CPU
		{E600B414-178A-438F-AF3A-A266378A050F}.Release|Any CPU.ActiveCfg = Release|Any CPU
		{E600B414-178A-438F-AF3A-A266378A050F}.Release|Any CPU.Build.0 = Release|Any CPU
	EndGlobalSection
	GlobalSection(SolutionProperties) = preSolution
		HideSolutionNode = FALSE
	EndGlobalSection
EndGlobal
